
Microsoft Visual Studio Solution File, Format Version 12.00
# Visual Studio Version 16
VisualStudioVersion = 16.0.29403.142
MinimumVisualStudioVersion = 10.0.40219.1
Project("{FAE04EC0-301F-11D3-BF4B-00C04F79EFBC}") = "KIWI", "KIWI\KIWI.csproj", "{4E63BBDE-14C0-46CB-9180-3ECDD292AE07}"
EndProject
Global
	GlobalSection(SolutionConfigurationPlatforms) = preSolution
		Debug|Any CPU = Debug|Any CPU
		Release|Any CPU = Release|Any CPU
	EndGlobalSection
	GlobalSection(ProjectConfigurationPlatforms) = postSolution
		{4E63BBDE-14C0-46CB-9180-3ECDD292AE07}.Debug|Any CPU.ActiveCfg = Debug|Any CPU
		{4E63BBDE-14C0-46CB-9180-3ECDD292AE07}.Debug|Any CPU.Build.0 = Debug|Any CPU
		{4E63BBDE-14C0-46CB-9180-3ECDD292AE07}.Release|Any CPU.ActiveCfg = Release|Any CPU
		{4E63BBDE-14C0-46CB-9180-3ECDD292AE07}.Release|Any CPU.Build.0 = Release|Any CPU
	EndGlobalSection
	GlobalSection(SolutionProperties) = preSolution
		HideSolutionNode = FALSE
	EndGlobalSection
	GlobalSection(ExtensibilityGlobals) = postSolution
		SolutionGuid = {CE86589F-DCA6-4BE2-8E75-CB26885EC570}
	EndGlobalSection
EndGlobal
